
Microsoft Visual Studio Solution File, Format Version 12.00
# Visual Studio Version 17
VisualStudioVersion = 17.9.34728.123
MinimumVisualStudioVersion = 10.0.40219.1
Project("{FAE04EC0-301F-11D3-BF4B-00C04F79EFBC}") = "Blazor.SimpleModal", "Blazor.SimpleModal.csproj", "{1201212A-00BD-4BE5-9930-31312430F2BE}"
EndProject
Global
	GlobalSection(SolutionConfigurationPlatforms) = preSolution
		Debug|Any CPU = Debug|Any CPU
		Release|Any CPU = Release|Any CPU
	EndGlobalSection
	GlobalSection(ProjectConfigurationPlatforms) = postSolution
		{1201212A-00BD-4BE5-9930-31312430F2BE}.Debug|Any CPU.ActiveCfg = Debug|Any CPU
		{1201212A-00BD-4BE5-9930-31312430F2BE}.Debug|Any CPU.Build.0 = Debug|Any CPU
		{1201212A-00BD-4BE5-9930-31312430F2BE}.Release|Any CPU.ActiveCfg = Release|Any CPU
		{1201212A-00BD-4BE5-9930-31312430F2BE}.Release|Any CPU.Build.0 = Release|Any CPU
	EndGlobalSection
	GlobalSection(SolutionProperties) = preSolution
		HideSolutionNode = FALSE
	EndGlobalSection
	GlobalSection(ExtensibilityGlobals) = postSolution
		SolutionGuid = {3891FFC1-8AA0-4E36-B0E5-4026E76BF062}
	EndGlobalSection
EndGlobal
